
Microsoft Visual Studio Solution File, Format Version 12.00
# Visual Studio Version 17
VisualStudioVersion = 17.5.33516.290
MinimumVisualStudioVersion = 10.0.40219.1
Project("{FAE04EC0-301F-11D3-BF4B-00C04F79EFBC}") = "App", "App\App.csproj", "{87F432C4-CD17-4F5D-BD16-94792D416C4A}"
EndProject
Global
	GlobalSection(SolutionConfigurationPlatforms) = preSolution
		Debug|Any CPU = Debug|Any CPU
		Release|Any CPU = Release|Any CPU
	EndGlobalSection
	GlobalSection(ProjectConfigurationPlatforms) = postSolution
		{87F432C4-CD17-4F5D-BD16-94792D416C4A}.Debug|Any CPU.ActiveCfg = Debug|Any CPU
		{87F432C4-CD17-4F5D-BD16-94792D416C4A}.Debug|Any CPU.Build.0 = Debug|Any CPU
		{87F432C4-CD17-4F5D-BD16-94792D416C4A}.Release|Any CPU.ActiveCfg = Release|Any CPU
		{87F432C4-CD17-4F5D-BD16-94792D416C4A}.Release|Any CPU.Build.0 = Release|Any CPU
	EndGlobalSection
	GlobalSection(SolutionProperties) = preSolution
		HideSolutionNode = FALSE
	EndGlobalSection
	GlobalSection(ExtensibilityGlobals) = postSolution
		SolutionGuid = {549795BA-373C-422B-A19D-1EE1C78CC53D}
	EndGlobalSection
EndGlobal
